
Microsoft Visual Studio Solution File, Format Version 12.00
# Visual Studio Version 17
VisualStudioVersion = 17.2.32602.215
MinimumVisualStudioVersion = 10.0.40219.1
Project("{FAE04EC0-301F-11D3-BF4B-00C04F79EFBC}") = "Timelapse-ViewOnly", "Timelapse-ViewOnly.csproj", "{C0DEC677-6242-4FBC-8E6E-BB2F03F71783}"
EndProject
Global
	GlobalSection(SolutionConfigurationPlatforms) = preSolution
		Debug|Any CPU = Debug|Any CPU
		Release|Any CPU = Release|Any CPU
	EndGlobalSection
	GlobalSection(ProjectConfigurationPlatforms) = postSolution
		{C0DEC677-6242-4FBC-8E6E-BB2F03F71783}.Debug|Any CPU.ActiveCfg = Debug|Any CPU
		{C0DEC677-6242-4FBC-8E6E-BB2F03F71783}.Debug|Any CPU.Build.0 = Debug|Any CPU
		{C0DEC677-6242-4FBC-8E6E-BB2F03F71783}.Release|Any CPU.ActiveCfg = Release|Any CPU
		{C0DEC677-6242-4FBC-8E6E-BB2F03F71783}.Release|Any CPU.Build.0 = Release|Any CPU
	EndGlobalSection
	GlobalSection(SolutionProperties) = preSolution
		HideSolutionNode = FALSE
	EndGlobalSection
EndGlobal
