
Microsoft Visual Studio Solution File, Format Version 12.00
# Visual Studio Version 17
VisualStudioVersion = 17.1.32228.430
MinimumVisualStudioVersion = 10.0.40219.1
Project("{2150E333-8FDC-42A3-9474-1A3956D46DE8}") = "Solution Items", "Solution Items", "{D10D2658-BDA4-409C-BF0F-E1893DFD175D}"
	ProjectSection(SolutionItems) = preProject
		README.md = README.md
	EndProjectSection
EndProject
Project("{FAE04EC0-301F-11D3-BF4B-00C04F79EFBC}") = "Timelapse", "src\Timelapse\Timelapse.csproj", "{F223A2F9-F2C2-47A8-80F3-472349176579}"
EndProject
Project("{8BC9CEB8-8B4A-11D0-8D11-00A0C91BC942}") = "TimelapseTemplateEditor", "src\TimelapseTemplateEditor\TimelapseTemplateEditor.vcxproj", "{A1B2C3D4-E5F6-7890-ABCD-EF1234567890}"
EndProject
Project("{8BC9CEB8-8B4A-11D0-8D11-00A0C91BC942}") = "TimelapseViewOnly", "src\TimelapseViewOnly\TimelapseViewOnly.vcxproj", "{AAE4E0DA-90B4-4137-BE8C-1090443A6402}"
EndProject
Project("{9A19103F-16F7-4668-BE54-9A1E7A4F7556}") = "TimelapseWpf.Toolkit", "src\TimelapseWpf.Toolkit\TimelapseWpf.Toolkit.csproj", "{72E591D6-8F83-4D8C-8F67-9C325E623234}"
EndProject
Global
	GlobalSection(SolutionConfigurationPlatforms) = preSolution
		Debug|Any CPU = Debug|Any CPU
		Debug|x64 = Debug|x64
		Debug|x86 = Debug|x86
		Release|Any CPU = Release|Any CPU
		Release|x64 = Release|x64
		Release|x86 = Release|x86
	EndGlobalSection
	GlobalSection(ProjectConfigurationPlatforms) = postSolution
		{F223A2F9-F2C2-47A8-80F3-472349176579}.Debug|Any CPU.ActiveCfg = Debug|Any CPU
		{F223A2F9-F2C2-47A8-80F3-472349176579}.Debug|Any CPU.Build.0 = Debug|Any CPU
		{F223A2F9-F2C2-47A8-80F3-472349176579}.Debug|x64.ActiveCfg = Debug|Any CPU
		{F223A2F9-F2C2-47A8-80F3-472349176579}.Debug|x64.Build.0 = Debug|Any CPU
		{F223A2F9-F2C2-47A8-80F3-472349176579}.Debug|x86.ActiveCfg = Debug|Any CPU
		{F223A2F9-F2C2-47A8-80F3-472349176579}.Debug|x86.Build.0 = Debug|Any CPU
		{F223A2F9-F2C2-47A8-80F3-472349176579}.Release|Any CPU.ActiveCfg = Release|Any CPU
		{F223A2F9-F2C2-47A8-80F3-472349176579}.Release|Any CPU.Build.0 = Release|Any CPU
		{F223A2F9-F2C2-47A8-80F3-472349176579}.Release|x64.ActiveCfg = Release|Any CPU
		{F223A2F9-F2C2-47A8-80F3-472349176579}.Release|x64.Build.0 = Release|Any CPU
		{F223A2F9-F2C2-47A8-80F3-472349176579}.Release|x86.ActiveCfg = Release|Any CPU
		{F223A2F9-F2C2-47A8-80F3-472349176579}.Release|x86.Build.0 = Release|Any CPU
		{A1B2C3D4-E5F6-7890-ABCD-EF1234567890}.Debug|Any CPU.ActiveCfg = Debug|x64
		{A1B2C3D4-E5F6-7890-ABCD-EF1234567890}.Debug|x64.ActiveCfg = Debug|x64
		{A1B2C3D4-E5F6-7890-ABCD-EF1234567890}.Debug|x64.Build.0 = Debug|x64
		{A1B2C3D4-E5F6-7890-ABCD-EF1234567890}.Debug|x86.ActiveCfg = Debug|x64
		{A1B2C3D4-E5F6-7890-ABCD-EF1234567890}.Release|Any CPU.ActiveCfg = Release|x64
		{A1B2C3D4-E5F6-7890-ABCD-EF1234567890}.Release|x64.ActiveCfg = Release|x64
		{A1B2C3D4-E5F6-7890-ABCD-EF1234567890}.Release|x64.Build.0 = Release|x64
		{A1B2C3D4-E5F6-7890-ABCD-EF1234567890}.Release|x86.ActiveCfg = Release|x64
		{AAE4E0DA-90B4-4137-BE8C-1090443A6402}.Debug|Any CPU.ActiveCfg = Debug|x64
		{AAE4E0DA-90B4-4137-BE8C-1090443A6402}.Debug|Any CPU.Build.0 = Debug|x64
		{AAE4E0DA-90B4-4137-BE8C-1090443A6402}.Debug|x64.ActiveCfg = Debug|x64
		{AAE4E0DA-90B4-4137-BE8C-1090443A6402}.Debug|x64.Build.0 = Debug|x64
		{AAE4E0DA-90B4-4137-BE8C-1090443A6402}.Debug|x86.ActiveCfg = Debug|x64
		{AAE4E0DA-90B4-4137-BE8C-1090443A6402}.Debug|x86.Build.0 = Debug|x64
		{AAE4E0DA-90B4-4137-BE8C-1090443A6402}.Release|Any CPU.ActiveCfg = Release|x64
		{AAE4E0DA-90B4-4137-BE8C-1090443A6402}.Release|Any CPU.Build.0 = Release|x64
		{AAE4E0DA-90B4-4137-BE8C-1090443A6402}.Release|x64.ActiveCfg = Release|x64
		{AAE4E0DA-90B4-4137-BE8C-1090443A6402}.Release|x64.Build.0 = Release|x64
		{AAE4E0DA-90B4-4137-BE8C-1090443A6402}.Release|x86.ActiveCfg = Release|x64
		{AAE4E0DA-90B4-4137-BE8C-1090443A6402}.Release|x86.Build.0 = Release|x64
		{72E591D6-8F83-4D8C-8F67-9C325E623234}.Debug|Any CPU.ActiveCfg = Debug|Any CPU
		{72E591D6-8F83-4D8C-8F67-9C325E623234}.Debug|Any CPU.Build.0 = Debug|Any CPU
		{72E591D6-8F83-4D8C-8F67-9C325E623234}.Debug|x64.ActiveCfg = Debug|Any CPU
		{72E591D6-8F83-4D8C-8F67-9C325E623234}.Debug|x64.Build.0 = Debug|Any CPU
		{72E591D6-8F83-4D8C-8F67-9C325E623234}.Debug|x86.ActiveCfg = Debug|Any CPU
		{72E591D6-8F83-4D8C-8F67-9C325E623234}.Debug|x86.Build.0 = Debug|Any CPU
		{72E591D6-8F83-4D8C-8F67-9C325E623234}.Release|Any CPU.ActiveCfg = Release|Any CPU
		{72E591D6-8F83-4D8C-8F67-9C325E623234}.Release|Any CPU.Build.0 = Release|Any CPU
		{72E591D6-8F83-4D8C-8F67-9C325E623234}.Release|x64.ActiveCfg = Release|Any CPU
		{72E591D6-8F83-4D8C-8F67-9C325E623234}.Release|x64.Build.0 = Release|Any CPU
		{72E591D6-8F83-4D8C-8F67-9C325E623234}.Release|x86.ActiveCfg = Release|Any CPU
		{72E591D6-8F83-4D8C-8F67-9C325E623234}.Release|x86.Build.0 = Release|Any CPU
	EndGlobalSection
	GlobalSection(ProjectDependencies) = postSolution
		{F223A2F9-F2C2-47A8-80F3-472349176579}.0 = {72E591D6-8F83-4D8C-8F67-9C325E623234}
		{A1B2C3D4-E5F6-7890-ABCD-EF1234567890}.0 = {F223A2F9-F2C2-47A8-80F3-472349176579}
		{AAE4E0DA-90B4-4137-BE8C-1090443A6402}.0 = {F223A2F9-F2C2-47A8-80F3-472349176579}
	EndGlobalSection
	GlobalSection(SolutionProperties) = preSolution
		HideSolutionNode = FALSE
	EndGlobalSection
	GlobalSection(ExtensibilityGlobals) = postSolution
		SolutionGuid = {AAA54E6E-7310-47DF-B01B-ADD11FC2F2AE}
	EndGlobalSection
EndGlobal
